
Microsoft Visual Studio Solution File, Format Version 12.00
# Visual Studio Version 16
VisualStudioVersion = 25.0.1704.2
MinimumVisualStudioVersion = 10.0.40219.1
Project("{FAE04EC0-301F-11D3-BF4B-00C04F79EFBC}") = "FlagGame", "FlagGame.csproj", "{AE5E1AA6-E32A-4A58-BD15-E1D756F9BDD0}"
EndProject
Global
	GlobalSection(SolutionConfigurationPlatforms) = preSolution
		Debug|Any CPU = Debug|Any CPU
		Release|Any CPU = Release|Any CPU
	EndGlobalSection
	GlobalSection(ProjectConfigurationPlatforms) = postSolution
		{AE5E1AA6-E32A-4A58-BD15-E1D756F9BDD0}.Debug|Any CPU.ActiveCfg = Debug|Any CPU
		{AE5E1AA6-E32A-4A58-BD15-E1D756F9BDD0}.Debug|Any CPU.Build.0 = Debug|Any CPU
		{AE5E1AA6-E32A-4A58-BD15-E1D756F9BDD0}.Release|Any CPU.ActiveCfg = Release|Any CPU
		{AE5E1AA6-E32A-4A58-BD15-E1D756F9BDD0}.Release|Any CPU.Build.0 = Release|Any CPU
	EndGlobalSection
	GlobalSection(SolutionProperties) = preSolution
		HideSolutionNode = FALSE
	EndGlobalSection
	GlobalSection(ExtensibilityGlobals) = postSolution
		SolutionGuid = {5A4A3E76-0314-404C-AA7B-B574AD217974}
	EndGlobalSection
EndGlobal
